
Microsoft Visual Studio Solution File, Format Version 11.00
# Visual Studio 2010
Project("{2150E333-8FDC-42A3-9474-1A3956D46DE8}") = "Examples", "Examples", "{B4749CB6-8B2E-432B-828B-4C7F5C7F8B99}"
EndProject
Project("{FAE04EC0-301F-11D3-BF4B-00C04F79EFBC}") = "ZylLib.UnionTypes.net20.vs2010", "ZylLib.UnionTypes\ZylLib.UnionTypes.net20.vs2010.csproj", "{5A124D32-5E79-44A9-B584-BC361A6E4702}"
EndProject
Project("{FAE04EC0-301F-11D3-BF4B-00C04F79EFBC}") = "ConsoleExample.net20.vs2010", "..\Examples\ConsoleExample\ConsoleExample.net20.vs2010.csproj", "{B7C17100-3414-44A3-8FEC-A84D780B25DA}"
EndProject
Project("{FAE04EC0-301F-11D3-BF4B-00C04F79EFBC}") = "ZylLib.UnionTypes.portable40", "ZylLib.UnionTypes\ZylLib.UnionTypes.portable40.csproj", "{3BE38909-AA28-4C71-8568-F652EA252D7E}"
EndProject
Project("{FAE04EC0-301F-11D3-BF4B-00C04F79EFBC}") = "ZylLib.UnionTypes.net40", "ZylLib.UnionTypes\ZylLib.UnionTypes.net40.csproj", "{02A0BECE-3DF5-4BC0-AFCE-D50F0D746E64}"
EndProject
Project("{FAE04EC0-301F-11D3-BF4B-00C04F79EFBC}") = "ConsoleExample.net40", "..\Examples\ConsoleExample\ConsoleExample.net40.csproj", "{19023539-6AF3-4006-98FA-5CC8F2DD6CB6}"
EndProject
Project("{FAE04EC0-301F-11D3-BF4B-00C04F79EFBC}") = "SilverlightExample.sl40", "..\Examples\SilverlightExample\SilverlightExample.sl40.csproj", "{B9DD61EA-B837-43C7-B3E5-E2756A8CFF70}"
EndProject
Global
	GlobalSection(SolutionConfigurationPlatforms) = preSolution
		Debug|Any CPU = Debug|Any CPU
		Debug|Mixed Platforms = Debug|Mixed Platforms
		Debug|x86 = Debug|x86
		Release|Any CPU = Release|Any CPU
		Release|Mixed Platforms = Release|Mixed Platforms
		Release|x86 = Release|x86
	EndGlobalSection
	GlobalSection(ProjectConfigurationPlatforms) = postSolution
		{5A124D32-5E79-44A9-B584-BC361A6E4702}.Debug|Any CPU.ActiveCfg = Debug|Any CPU
		{5A124D32-5E79-44A9-B584-BC361A6E4702}.Debug|Any CPU.Build.0 = Debug|Any CPU
		{5A124D32-5E79-44A9-B584-BC361A6E4702}.Debug|Mixed Platforms.ActiveCfg = Debug|Any CPU
		{5A124D32-5E79-44A9-B584-BC361A6E4702}.Debug|Mixed Platforms.Build.0 = Debug|Any CPU
		{5A124D32-5E79-44A9-B584-BC361A6E4702}.Debug|x86.ActiveCfg = Debug|Any CPU
		{5A124D32-5E79-44A9-B584-BC361A6E4702}.Release|Any CPU.ActiveCfg = Release|Any CPU
		{5A124D32-5E79-44A9-B584-BC361A6E4702}.Release|Any CPU.Build.0 = Release|Any CPU
		{5A124D32-5E79-44A9-B584-BC361A6E4702}.Release|Mixed Platforms.ActiveCfg = Release|Any CPU
		{5A124D32-5E79-44A9-B584-BC361A6E4702}.Release|Mixed Platforms.Build.0 = Release|Any CPU
		{5A124D32-5E79-44A9-B584-BC361A6E4702}.Release|x86.ActiveCfg = Release|Any CPU
		{B7C17100-3414-44A3-8FEC-A84D780B25DA}.Debug|Any CPU.ActiveCfg = Debug|Any CPU
		{B7C17100-3414-44A3-8FEC-A84D780B25DA}.Debug|Any CPU.Build.0 = Debug|Any CPU
		{B7C17100-3414-44A3-8FEC-A84D780B25DA}.Debug|Mixed Platforms.ActiveCfg = Debug|Any CPU
		{B7C17100-3414-44A3-8FEC-A84D780B25DA}.Debug|Mixed Platforms.Build.0 = Debug|Any CPU
		{B7C17100-3414-44A3-8FEC-A84D780B25DA}.Debug|x86.ActiveCfg = Debug|Any CPU
		{B7C17100-3414-44A3-8FEC-A84D780B25DA}.Release|Any CPU.ActiveCfg = Release|Any CPU
		{B7C17100-3414-44A3-8FEC-A84D780B25DA}.Release|Any CPU.Build.0 = Release|Any CPU
		{B7C17100-3414-44A3-8FEC-A84D780B25DA}.Release|Mixed Platforms.ActiveCfg = Release|Any CPU
		{B7C17100-3414-44A3-8FEC-A84D780B25DA}.Release|Mixed Platforms.Build.0 = Release|Any CPU
		{B7C17100-3414-44A3-8FEC-A84D780B25DA}.Release|x86.ActiveCfg = Release|Any CPU
		{3BE38909-AA28-4C71-8568-F652EA252D7E}.Debug|Any CPU.ActiveCfg = Debug|Any CPU
		{3BE38909-AA28-4C71-8568-F652EA252D7E}.Debug|Any CPU.Build.0 = Debug|Any CPU
		{3BE38909-AA28-4C71-8568-F652EA252D7E}.Debug|Mixed Platforms.ActiveCfg = Debug|Any CPU
		{3BE38909-AA28-4C71-8568-F652EA252D7E}.Debug|Mixed Platforms.Build.0 = Debug|Any CPU
		{3BE38909-AA28-4C71-8568-F652EA252D7E}.Debug|x86.ActiveCfg = Debug|Any CPU
		{3BE38909-AA28-4C71-8568-F652EA252D7E}.Release|Any CPU.ActiveCfg = Release|Any CPU
		{3BE38909-AA28-4C71-8568-F652EA252D7E}.Release|Any CPU.Build.0 = Release|Any CPU
		{3BE38909-AA28-4C71-8568-F652EA252D7E}.Release|Mixed Platforms.ActiveCfg = Release|Any CPU
		{3BE38909-AA28-4C71-8568-F652EA252D7E}.Release|Mixed Platforms.Build.0 = Release|Any CPU
		{3BE38909-AA28-4C71-8568-F652EA252D7E}.Release|x86.ActiveCfg = Release|Any CPU
		{02A0BECE-3DF5-4BC0-AFCE-D50F0D746E64}.Debug|Any CPU.ActiveCfg = Debug|Any CPU
		{02A0BECE-3DF5-4BC0-AFCE-D50F0D746E64}.Debug|Any CPU.Build.0 = Debug|Any CPU
		{02A0BECE-3DF5-4BC0-AFCE-D50F0D746E64}.Debug|Mixed Platforms.ActiveCfg = Debug|Any CPU
		{02A0BECE-3DF5-4BC0-AFCE-D50F0D746E64}.Debug|Mixed Platforms.Build.0 = Debug|Any CPU
		{02A0BECE-3DF5-4BC0-AFCE-D50F0D746E64}.Debug|x86.ActiveCfg = Debug|Any CPU
		{02A0BECE-3DF5-4BC0-AFCE-D50F0D746E64}.Release|Any CPU.ActiveCfg = Release|Any CPU
		{02A0BECE-3DF5-4BC0-AFCE-D50F0D746E64}.Release|Any CPU.Build.0 = Release|Any CPU
		{02A0BECE-3DF5-4BC0-AFCE-D50F0D746E64}.Release|Mixed Platforms.ActiveCfg = Release|Any CPU
		{02A0BECE-3DF5-4BC0-AFCE-D50F0D746E64}.Release|Mixed Platforms.Build.0 = Release|Any CPU
		{02A0BECE-3DF5-4BC0-AFCE-D50F0D746E64}.Release|x86.ActiveCfg = Release|Any CPU
		{19023539-6AF3-4006-98FA-5CC8F2DD6CB6}.Debug|Any CPU.ActiveCfg = Debug|x86
		{19023539-6AF3-4006-98FA-5CC8F2DD6CB6}.Debug|Mixed Platforms.ActiveCfg = Debug|x86
		{19023539-6AF3-4006-98FA-5CC8F2DD6CB6}.Debug|Mixed Platforms.Build.0 = Debug|x86
		{19023539-6AF3-4006-98FA-5CC8F2DD6CB6}.Debug|x86.ActiveCfg = Debug|x86
		{19023539-6AF3-4006-98FA-5CC8F2DD6CB6}.Debug|x86.Build.0 = Debug|x86
		{19023539-6AF3-4006-98FA-5CC8F2DD6CB6}.Release|Any CPU.ActiveCfg = Release|x86
		{19023539-6AF3-4006-98FA-5CC8F2DD6CB6}.Release|Mixed Platforms.ActiveCfg = Release|x86
		{19023539-6AF3-4006-98FA-5CC8F2DD6CB6}.Release|Mixed Platforms.Build.0 = Release|x86
		{19023539-6AF3-4006-98FA-5CC8F2DD6CB6}.Release|x86.ActiveCfg = Release|x86
		{19023539-6AF3-4006-98FA-5CC8F2DD6CB6}.Release|x86.Build.0 = Release|x86
		{B9DD61EA-B837-43C7-B3E5-E2756A8CFF70}.Debug|Any CPU.ActiveCfg = Debug|Any CPU
		{B9DD61EA-B837-43C7-B3E5-E2756A8CFF70}.Debug|Any CPU.Build.0 = Debug|Any CPU
		{B9DD61EA-B837-43C7-B3E5-E2756A8CFF70}.Debug|Mixed Platforms.ActiveCfg = Debug|Any CPU
		{B9DD61EA-B837-43C7-B3E5-E2756A8CFF70}.Debug|Mixed Platforms.Build.0 = Debug|Any CPU
		{B9DD61EA-B837-43C7-B3E5-E2756A8CFF70}.Debug|x86.ActiveCfg = Debug|Any CPU
		{B9DD61EA-B837-43C7-B3E5-E2756A8CFF70}.Release|Any CPU.ActiveCfg = Release|Any CPU
		{B9DD61EA-B837-43C7-B3E5-E2756A8CFF70}.Release|Any CPU.Build.0 = Release|Any CPU
		{B9DD61EA-B837-43C7-B3E5-E2756A8CFF70}.Release|Mixed Platforms.ActiveCfg = Release|Any CPU
		{B9DD61EA-B837-43C7-B3E5-E2756A8CFF70}.Release|Mixed Platforms.Build.0 = Release|Any CPU
		{B9DD61EA-B837-43C7-B3E5-E2756A8CFF70}.Release|x86.ActiveCfg = Release|Any CPU
	EndGlobalSection
	GlobalSection(SolutionProperties) = preSolution
		HideSolutionNode = FALSE
	EndGlobalSection
	GlobalSection(NestedProjects) = preSolution
		{B7C17100-3414-44A3-8FEC-A84D780B25DA} = {B4749CB6-8B2E-432B-828B-4C7F5C7F8B99}
		{19023539-6AF3-4006-98FA-5CC8F2DD6CB6} = {B4749CB6-8B2E-432B-828B-4C7F5C7F8B99}
		{B9DD61EA-B837-43C7-B3E5-E2756A8CFF70} = {B4749CB6-8B2E-432B-828B-4C7F5C7F8B99}
	EndGlobalSection
EndGlobal
